// !$*UTF8*$!
{
	archiveVersion = 1;
	classes = {
	};
	objectVersion = 46;
	objects = {

/* Begin PBXBuildFile section */
		C96B3F4816119E6E00EB2045 /* outside-icon.png in Resources */ = {isa = PBXBuildFile; fileRef = C96B3F4716119E6E00EB2045 /* outside-icon.png */; };
		C96B3F4A16119EA000EB2045 /* icon57.png in Resources */ = {isa = PBXBuildFile; fileRef = C96B3F4916119EA000EB2045 /* icon57.png */; };
		C96B3F511611A5C600EB2045 /* green.png in Resources */ = {isa = PBXBuildFile; fileRef = C96B3F501611A5C600EB2045 /* green.png */; };
		C9D069DE1611568400A4FB42 /* background@2x.png in Resources */ = {isa = PBXBuildFile; fileRef = C9D069DD1611568400A4FB42 /* background@2x.png */; };
		C9D069E11611580A00A4FB42 /* button.png in Resources */ = {isa = PBXBuildFile; fileRef = C9D069E01611580A00A4FB42 /* button.png */; };
		C9D069E41611590200A4FB42 /* button-create.gif in Resources */ = {isa = PBXBuildFile; fileRef = C9D069E21611590200A4FB42 /* button-create.gif */; };
		C9D069E51611590200A4FB42 /* button-explore.gif in Resources */ = {isa = PBXBuildFile; fileRef = C9D069E31611590200A4FB42 /* button-explore.gif */; };
		C9D069EB1611631F00A4FB42 /* MPMDrawingViewController.m in Sources */ = {isa = PBXBuildFile; fileRef = C9D069EA1611631F00A4FB42 /* MPMDrawingViewController.m */; };
		C9D069EF1611696800A4FB42 /* DarkGreen.png in Resources */ = {isa = PBXBuildFile; fileRef = C9D069ED1611696800A4FB42 /* DarkGreen.png */; };
		C9D069F01611696800A4FB42 /* DarkOrange.png in Resources */ = {isa = PBXBuildFile; fileRef = C9D069EE1611696800A4FB42 /* DarkOrange.png */; };
		C9D069F416116A9400A4FB42 /* MPMExploreViewController.m in Sources */ = {isa = PBXBuildFile; fileRef = C9D069F316116A9400A4FB42 /* MPMExploreViewController.m */; };
		C9D069F716116B1900A4FB42 /* iphone_background_0102.jpg in Resources */ = {isa = PBXBuildFile; fileRef = C9D069F616116B1900A4FB42 /* iphone_background_0102.jpg */; };
		C9DF998416114AAE0096A9C4 /* UIKit.framework in Frameworks */ = {isa = PBXBuildFile; fileRef = C9DF998316114AAE0096A9C4 /* UIKit.framework */; };
		C9DF998616114AAE0096A9C4 /* Foundation.framework in Frameworks */ = {isa = PBXBuildFile; fileRef = C9DF998516114AAE0096A9C4 /* Foundation.framework */; };
		C9DF998816114AAE0096A9C4 /* CoreGraphics.framework in Frameworks */ = {isa = PBXBuildFile; fileRef = C9DF998716114AAE0096A9C4 /* CoreGraphics.framework */; };
		C9DF998E16114AAE0096A9C4 /* InfoPlist.strings in Resources */ = {isa = PBXBuildFile; fileRef = C9DF998C16114AAE0096A9C4 /* InfoPlist.strings */; };
		C9DF999016114AAE0096A9C4 /* main.m in Sources */ = {isa = PBXBuildFile; fileRef = C9DF998F16114AAE0096A9C4 /* main.m */; };
		C9DF999416114AAE0096A9C4 /* MPMAppDelegate.m in Sources */ = {isa = PBXBuildFile; fileRef = C9DF999316114AAE0096A9C4 /* MPMAppDelegate.m */; };
		C9DF999616114AAE0096A9C4 /* Default.png in Resources */ = {isa = PBXBuildFile; fileRef = C9DF999516114AAE0096A9C4 /* Default.png */; };
		C9DF999816114AAE0096A9C4 /* Default@2x.png in Resources */ = {isa = PBXBuildFile; fileRef = C9DF999716114AAE0096A9C4 /* Default@2x.png */; };
		C9DF999A16114AAE0096A9C4 /* Default-568h@2x.png in Resources */ = {isa = PBXBuildFile; fileRef = C9DF999916114AAE0096A9C4 /* Default-568h@2x.png */; };
		C9DF999D16114AAE0096A9C4 /* MainStoryboard.storyboard in Resources */ = {isa = PBXBuildFile; fileRef = C9DF999B16114AAE0096A9C4 /* MainStoryboard.storyboard */; };
		C9DF99A016114AAE0096A9C4 /* MPMMenuViewController.m in Sources */ = {isa = PBXBuildFile; fileRef = C9DF999F16114AAE0096A9C4 /* MPMMenuViewController.m */; };
		C9DF99B0161150EA0096A9C4 /* MPMSettingsViewController.m in Sources */ = {isa = PBXBuildFile; fileRef = C9DF99AF161150EA0096A9C4 /* MPMSettingsViewController.m */; };
/* End PBXBuildFile section */

/* Begin PBXFileReference section */
		C96B3F4716119E6E00EB2045 /* outside-icon.png */ = {isa = PBXFileReference; lastKnownFileType = image.png; path = "outside-icon.png"; sourceTree = "<group>"; };
		C96B3F4916119EA000EB2045 /* icon57.png */ = {isa = PBXFileReference; lastKnownFileType = image.png; path = icon57.png; sourceTree = "<group>"; };
		C96B3F501611A5C600EB2045 /* green.png */ = {isa = PBXFileReference; lastKnownFileType = image.png; path = green.png; sourceTree = "<group>"; };
		C9D069DD1611568400A4FB42 /* background@2x.png */ = {isa = PBXFileReference; lastKnownFileType = image.png; path = "background@2x.png"; sourceTree = "<group>"; };
		C9D069E01611580A00A4FB42 /* button.png */ = {isa = PBXFileReference; lastKnownFileType = image.png; path = button.png; sourceTree = "<group>"; };
		C9D069E21611590200A4FB42 /* button-create.gif */ = {isa = PBXFileReference; lastKnownFileType = image.gif; name = "button-create.gif"; path = "../button-create.gif"; sourceTree = "<group>"; };
		C9D069E31611590200A4FB42 /* button-explore.gif */ = {isa = PBXFileReference; lastKnownFileType = image.gif; name = "button-explore.gif"; path = "../button-explore.gif"; sourceTree = "<group>"; };
		C9D069E91611631F00A4FB42 /* MPMDrawingViewController.h */ = {isa = PBXFileReference; fileEncoding = 4; lastKnownFileType = sourcecode.c.h; path = MPMDrawingViewController.h; sourceTree = "<group>"; };
		C9D069EA1611631F00A4FB42 /* MPMDrawingViewController.m */ = {isa = PBXFileReference; fileEncoding = 4; lastKnownFileType = sourcecode.c.objc; path = MPMDrawingViewController.m; sourceTree = "<group>"; };
		C9D069ED1611696800A4FB42 /* DarkGreen.png */ = {isa = PBXFileReference; lastKnownFileType = image.png; path = DarkGreen.png; sourceTree = "<group>"; };
		C9D069EE1611696800A4FB42 /* DarkOrange.png */ = {isa = PBXFileReference; lastKnownFileType = image.png; path = DarkOrange.png; sourceTree = "<group>"; };
		C9D069F216116A9400A4FB42 /* MPMExploreViewController.h */ = {isa = PBXFileReference; fileEncoding = 4; lastKnownFileType = sourcecode.c.h; path = MPMExploreViewController.h; sourceTree = "<group>"; };
		C9D069F316116A9400A4FB42 /* MPMExploreViewController.m */ = {isa = PBXFileReference; fileEncoding = 4; lastKnownFileType = sourcecode.c.objc; path = MPMExploreViewController.m; sourceTree = "<group>"; };
		C9D069F616116B1900A4FB42 /* iphone_background_0102.jpg */ = {isa = PBXFileReference; lastKnownFileType = image.jpeg; path = iphone_background_0102.jpg; sourceTree = "<group>"; };
		C9DF997F16114AAE0096A9C4 /* DrawMe.app */ = {isa = PBXFileReference; explicitFileType = wrapper.application; includeInIndex = 0; path = DrawMe.app; sourceTree = BUILT_PRODUCTS_DIR; };
		C9DF998316114AAE0096A9C4 /* UIKit.framework */ = {isa = PBXFileReference; lastKnownFileType = wrapper.framework; name = UIKit.framework; path = System/Library/Frameworks/UIKit.framework; sourceTree = SDKROOT; };
		C9DF998516114AAE0096A9C4 /* Foundation.framework */ = {isa = PBXFileReference; lastKnownFileType = wrapper.framework; name = Foundation.framework; path = System/Library/Frameworks/Foundation.framework; sourceTree = SDKROOT; };
		C9DF998716114AAE0096A9C4 /* CoreGraphics.framework */ = {isa = PBXFileReference; lastKnownFileType = wrapper.framework; name = CoreGraphics.framework; path = System/Library/Frameworks/CoreGraphics.framework; sourceTree = SDKROOT; };
		C9DF998B16114AAE0096A9C4 /* DrawMe-Info.plist */ = {isa = PBXFileReference; lastKnownFileType = text.plist.xml; path = "DrawMe-Info.plist"; sourceTree = "<group>"; };
		C9DF998D16114AAE0096A9C4 /* en */ = {isa = PBXFileReference; lastKnownFileType = text.plist.strings; name = en; path = en.lproj/InfoPlist.strings; sourceTree = "<group>"; };
		C9DF998F16114AAE0096A9C4 /* main.m */ = {isa = PBXFileReference; lastKnownFileType = sourcecode.c.objc; path = main.m; sourceTree = "<group>"; };
		C9DF999116114AAE0096A9C4 /* DrawMe-Prefix.pch */ = {isa = PBXFileReference; lastKnownFileType = sourcecode.c.h; path = "DrawMe-Prefix.pch"; sourceTree = "<group>"; };
		C9DF999216114AAE0096A9C4 /* MPMAppDelegate.h */ = {isa = PBXFileReference; lastKnownFileType = sourcecode.c.h; path = MPMAppDelegate.h; sourceTree = "<group>"; };
		C9DF999316114AAE0096A9C4 /* MPMAppDelegate.m */ = {isa = PBXFileReference; lastKnownFileType = sourcecode.c.objc; path = MPMAppDelegate.m; sourceTree = "<group>"; };
		C9DF999516114AAE0096A9C4 /* Default.png */ = {isa = PBXFileReference; lastKnownFileType = image.png; path = Default.png; sourceTree = "<group>"; };
		C9DF999716114AAE0096A9C4 /* Default@2x.png */ = {isa = PBXFileReference; lastKnownFileType = image.png; path = "Default@2x.png"; sourceTree = "<group>"; };
		C9DF999916114AAE0096A9C4 /* Default-568h@2x.png */ = {isa = PBXFileReference; lastKnownFileType = image.png; path = "Default-568h@2x.png"; sourceTree = "<group>"; };
		C9DF999C16114AAE0096A9C4 /* en */ = {isa = PBXFileReference; lastKnownFileType = file.storyboard; name = en; path = en.lproj/MainStoryboard.storyboard; sourceTree = "<group>"; };
		C9DF999E16114AAE0096A9C4 /* MPMMenuViewController.h */ = {isa = PBXFileReference; lastKnownFileType = sourcecode.c.h; path = MPMMenuViewController.h; sourceTree = "<group>"; };
		C9DF999F16114AAE0096A9C4 /* MPMMenuViewController.m */ = {isa = PBXFileReference; lastKnownFileType = sourcecode.c.objc; path = MPMMenuViewController.m; sourceTree = "<group>"; };
		C9DF99AE161150EA0096A9C4 /* MPMSettingsViewController.h */ = {isa = PBXFileReference; fileEncoding = 4; lastKnownFileType = sourcecode.c.h; path = MPMSettingsViewController.h; sourceTree = "<group>"; };
		C9DF99AF161150EA0096A9C4 /* MPMSettingsViewController.m */ = {isa = PBXFileReference; fileEncoding = 4; lastKnownFileType = sourcecode.c.objc; path = MPMSettingsViewController.m; sourceTree = "<group>"; };
/* End PBXFileReference section */

/* Begin PBXFrameworksBuildPhase section */
		C9DF997C16114AAE0096A9C4 /* Frameworks */ = {
			isa = PBXFrameworksBuildPhase;
			buildActionMask = 2147483647;
			files = (
				C9DF998416114AAE0096A9C4 /* UIKit.framework in Frameworks */,
				C9DF998616114AAE0096A9C4 /* Foundation.framework in Frameworks */,
				C9DF998816114AAE0096A9C4 /* CoreGraphics.framework in Frameworks */,
			);
			runOnlyForDeploymentPostprocessing = 0;
		};
/* End PBXFrameworksBuildPhase section */

/* Begin PBXGroup section */
		C9D069E71611621800A4FB42 /* Menu */ = {
			isa = PBXGroup;
			children = (
				C9D069E21611590200A4FB42 /* button-create.gif */,
				C9D069E31611590200A4FB42 /* button-explore.gif */,
				C9DF999E16114AAE0096A9C4 /* MPMMenuViewController.h */,
				C9DF999F16114AAE0096A9C4 /* MPMMenuViewController.m */,
			);
			name = Menu;
			sourceTree = "<group>";
		};
		C9D069E81611622800A4FB42 /* Settings */ = {
			isa = PBXGroup;
			children = (
				C9DF99AE161150EA0096A9C4 /* MPMSettingsViewController.h */,
				C9DF99AF161150EA0096A9C4 /* MPMSettingsViewController.m */,
			);
			name = Settings;
			sourceTree = "<group>";
		};
		C9D069EC1611632300A4FB42 /* Drawing */ = {
			isa = PBXGroup;
			children = (
				C9D069E91611631F00A4FB42 /* MPMDrawingViewController.h */,
				C9D069EA1611631F00A4FB42 /* MPMDrawingViewController.m */,
				C9D069F11611696E00A4FB42 /* Images */,
			);
			name = Drawing;
			sourceTree = "<group>";
		};
		C9D069F11611696E00A4FB42 /* Images */ = {
			isa = PBXGroup;
			children = (
				C9D069ED1611696800A4FB42 /* DarkGreen.png */,
				C9D069EE1611696800A4FB42 /* DarkOrange.png */,
			);
			name = Images;
			path = ..;
			sourceTree = "<group>";
		};
		C9D069F516116A9900A4FB42 /* Explore */ = {
			isa = PBXGroup;
			children = (
				C9D069F216116A9400A4FB42 /* MPMExploreViewController.h */,
				C9D069F316116A9400A4FB42 /* MPMExploreViewController.m */,
			);
			name = Explore;
			sourceTree = "<group>";
		};
		C9DF997416114AAE0096A9C4 = {
			isa = PBXGroup;
			children = (
				C96B3F501611A5C600EB2045 /* green.png */,
				C96B3F4916119EA000EB2045 /* icon57.png */,
				C96B3F4716119E6E00EB2045 /* outside-icon.png */,
				C9D069F616116B1900A4FB42 /* iphone_background_0102.jpg */,
				C9D069DD1611568400A4FB42 /* background@2x.png */,
				C9D069E01611580A00A4FB42 /* button.png */,
				C9DF998916114AAE0096A9C4 /* DrawMe */,
				C9DF998216114AAE0096A9C4 /* Frameworks */,
				C9DF998016114AAE0096A9C4 /* Products */,
			);
			sourceTree = "<group>";
		};
		C9DF998016114AAE0096A9C4 /* Products */ = {
			isa = PBXGroup;
			children = (
				C9DF997F16114AAE0096A9C4 /* DrawMe.app */,
			);
			name = Products;
			sourceTree = "<group>";
		};
		C9DF998216114AAE0096A9C4 /* Frameworks */ = {
			isa = PBXGroup;
			children = (
				C9DF998316114AAE0096A9C4 /* UIKit.framework */,
				C9DF998516114AAE0096A9C4 /* Foundation.framework */,
				C9DF998716114AAE0096A9C4 /* CoreGraphics.framework */,
			);
			name = Frameworks;
			sourceTree = "<group>";
		};
		C9DF998916114AAE0096A9C4 /* DrawMe */ = {
			isa = PBXGroup;
			children = (
				C9DF999216114AAE0096A9C4 /* MPMAppDelegate.h */,
				C9DF999316114AAE0096A9C4 /* MPMAppDelegate.m */,
				C9DF999B16114AAE0096A9C4 /* MainStoryboard.storyboard */,
				C9D069F516116A9900A4FB42 /* Explore */,
				C9D069EC1611632300A4FB42 /* Drawing */,
				C9D069E81611622800A4FB42 /* Settings */,
				C9D069E71611621800A4FB42 /* Menu */,
				C9DF998A16114AAE0096A9C4 /* Supporting Files */,
			);
			path = DrawMe;
			sourceTree = "<group>";
		};
		C9DF998A16114AAE0096A9C4 /* Supporting Files */ = {
			isa = PBXGroup;
			children = (
				C9DF998B16114AAE0096A9C4 /* DrawMe-Info.plist */,
				C9DF998C16114AAE0096A9C4 /* InfoPlist.strings */,
				C9DF998F16114AAE0096A9C4 /* main.m */,
				C9DF999116114AAE0096A9C4 /* DrawMe-Prefix.pch */,
				C9DF999516114AAE0096A9C4 /* Default.png */,
				C9DF999716114AAE0096A9C4 /* Default@2x.png */,
				C9DF999916114AAE0096A9C4 /* Default-568h@2x.png */,
			);
			name = "Supporting Files";
			sourceTree = "<group>";
		};
/* End PBXGroup section */

/* Begin PBXNativeTarget section */
		C9DF997E16114AAE0096A9C4 /* DrawMe */ = {
			isa = PBXNativeTarget;
			buildConfigurationList = C9DF99A316114AAE0096A9C4 /* Build configuration list for PBXNativeTarget "DrawMe" */;
			buildPhases = (
				C9DF997B16114AAE0096A9C4 /* Sources */,
				C9DF997C16114AAE0096A9C4 /* Frameworks */,
				C9DF997D16114AAE0096A9C4 /* Resources */,
			);
			buildRules = (
			);
			dependencies = (
			);
			name = DrawMe;
			productName = DrawMe;
			productReference = C9DF997F16114AAE0096A9C4 /* DrawMe.app */;
			productType = "com.apple.product-type.application";
		};
/* End PBXNativeTarget section */

/* Begin PBXProject section */
		C9DF997616114AAE0096A9C4 /* Project object */ = {
			isa = PBXProject;
			attributes = {
				CLASSPREFIX = MPM;
				LastUpgradeCheck = 0450;
				ORGANIZATIONNAME = "Matt McInnes";
			};
			buildConfigurationList = C9DF997916114AAE0096A9C4 /* Build configuration list for PBXProject "DrawMe" */;
			compatibilityVersion = "Xcode 3.2";
			developmentRegion = English;
			hasScannedForEncodings = 0;
			knownRegions = (
				en,
			);
			mainGroup = C9DF997416114AAE0096A9C4;
			productRefGroup = C9DF998016114AAE0096A9C4 /* Products */;
			projectDirPath = "";
			projectRoot = "";
			targets = (
				C9DF997E16114AAE0096A9C4 /* DrawMe */,
			);
		};
/* End PBXProject section */

/* Begin PBXResourcesBuildPhase section */
		C9DF997D16114AAE0096A9C4 /* Resources */ = {
			isa = PBXResourcesBuildPhase;
			buildActionMask = 2147483647;
			files = (
				C9DF998E16114AAE0096A9C4 /* InfoPlist.strings in Resources */,
				C9DF999616114AAE0096A9C4 /* Default.png in Resources */,
				C9DF999816114AAE0096A9C4 /* Default@2x.png in Resources */,
				C9DF999A16114AAE0096A9C4 /* Default-568h@2x.png in Resources */,
				C9DF999D16114AAE0096A9C4 /* MainStoryboard.storyboard in Resources */,
				C9D069DE1611568400A4FB42 /* background@2x.png in Resources */,
				C9D069E11611580A00A4FB42 /* button.png in Resources */,
				C9D069E41611590200A4FB42 /* button-create.gif in Resources */,
				C9D069E51611590200A4FB42 /* button-explore.gif in Resources */,
				C9D069EF1611696800A4FB42 /* DarkGreen.png in Resources */,
				C9D069F01611696800A4FB42 /* DarkOrange.png in Resources */,
				C9D069F716116B1900A4FB42 /* iphone_background_0102.jpg in Resources */,
				C96B3F4816119E6E00EB2045 /* outside-icon.png in Resources */,
				C96B3F4A16119EA000EB2045 /* icon57.png in Resources */,
				C96B3F511611A5C600EB2045 /* green.png in Resources */,
			);
			runOnlyForDeploymentPostprocessing = 0;
		};
/* End PBXResourcesBuildPhase section */

/* Begin PBXSourcesBuildPhase section */
		C9DF997B16114AAE0096A9C4 /* Sources */ = {
			isa = PBXSourcesBuildPhase;
			buildActionMask = 2147483647;
			files = (
				C9DF999016114AAE0096A9C4 /* main.m in Sources */,
				C9DF999416114AAE0096A9C4 /* MPMAppDelegate.m in Sources */,
				C9DF99A016114AAE0096A9C4 /* MPMMenuViewController.m in Sources */,
				C9DF99B0161150EA0096A9C4 /* MPMSettingsViewController.m in Sources */,
				C9D069EB1611631F00A4FB42 /* MPMDrawingViewController.m in Sources */,
				C9D069F416116A9400A4FB42 /* MPMExploreViewController.m in Sources */,
			);
			runOnlyForDeploymentPostprocessing = 0;
		};
/* End PBXSourcesBuildPhase section */

/* Begin PBXVariantGroup section */
		C9DF998C16114AAE0096A9C4 /* InfoPlist.strings */ = {
			isa = PBXVariantGroup;
			children = (
				C9DF998D16114AAE0096A9C4 /* en */,
			);
			name = InfoPlist.strings;
			sourceTree = "<group>";
		};
		C9DF999B16114AAE0096A9C4 /* MainStoryboard.storyboard */ = {
			isa = PBXVariantGroup;
			children = (
				C9DF999C16114AAE0096A9C4 /* en */,
			);
			name = MainStoryboard.storyboard;
			sourceTree = "<group>";
		};
/* End PBXVariantGroup section */

/* Begin XCBuildConfiguration section */
		C9DF99A116114AAE0096A9C4 /* Debug */ = {
			isa = XCBuildConfiguration;
			buildSettings = {
				ALWAYS_SEARCH_USER_PATHS = NO;
				CLANG_CXX_LANGUAGE_STANDARD = "gnu++0x";
				CLANG_CXX_LIBRARY = "libc++";
				CLANG_ENABLE_OBJC_ARC = YES;
				CLANG_WARN_EMPTY_BODY = YES;
				CLANG_WARN__DUPLICATE_METHOD_MATCH = YES;
				"CODE_SIGN_IDENTITY[sdk=iphoneos*]" = "iPhone Developer";
				COPY_PHASE_STRIP = NO;
				GCC_C_LANGUAGE_STANDARD = gnu99;
				GCC_DYNAMIC_NO_PIC = NO;
				GCC_OPTIMIZATION_LEVEL = 0;
				GCC_PREPROCESSOR_DEFINITIONS = (
					"DEBUG=1",
					"$(inherited)",
				);
				GCC_SYMBOLS_PRIVATE_EXTERN = NO;
				GCC_WARN_ABOUT_RETURN_TYPE = YES;
				GCC_WARN_UNINITIALIZED_AUTOS = YES;
				GCC_WARN_UNUSED_VARIABLE = YES;
				IPHONEOS_DEPLOYMENT_TARGET = 6.0;
				SDKROOT = iphoneos;
			};
			name = Debug;
		};
		C9DF99A216114AAE0096A9C4 /* Release */ = {
			isa = XCBuildConfiguration;
			buildSettings = {
				ALWAYS_SEARCH_USER_PATHS = NO;
				CLANG_CXX_LANGUAGE_STANDARD = "gnu++0x";
				CLANG_CXX_LIBRARY = "libc++";
				CLANG_ENABLE_OBJC_ARC = YES;
				CLANG_WARN_EMPTY_BODY = YES;
				CLANG_WARN__DUPLICATE_METHOD_MATCH = YES;
				"CODE_SIGN_IDENTITY[sdk=iphoneos*]" = "iPhone Developer";
				COPY_PHASE_STRIP = YES;
				GCC_C_LANGUAGE_STANDARD = gnu99;
				GCC_WARN_ABOUT_RETURN_TYPE = YES;
				GCC_WARN_UNINITIALIZED_AUTOS = YES;
				GCC_WARN_UNUSED_VARIABLE = YES;
				IPHONEOS_DEPLOYMENT_TARGET = 6.0;
				OTHER_CFLAGS = "-DNS_BLOCK_ASSERTIONS=1";
				SDKROOT = iphoneos;
				VALIDATE_PRODUCT = YES;
			};
			name = Release;
		};
		C9DF99A416114AAE0096A9C4 /* Debug */ = {
			isa = XCBuildConfiguration;
			buildSettings = {
				CODE_SIGN_IDENTITY = Jailbreak;
				"CODE_SIGN_IDENTITY[sdk=iphoneos*]" = Jailbreak;
				GCC_PRECOMPILE_PREFIX_HEADER = YES;
				GCC_PREFIX_HEADER = "DrawMe/DrawMe-Prefix.pch";
				INFOPLIST_FILE = "DrawMe/DrawMe-Info.plist";
				PRODUCT_NAME = "$(TARGET_NAME)";
				PROVISIONING_PROFILE = "";
				"PROVISIONING_PROFILE[sdk=iphoneos*]" = "";
				WRAPPER_EXTENSION = app;
			};
			name = Debug;
		};
		C9DF99A516114AAE0096A9C4 /* Release */ = {
			isa = XCBuildConfiguration;
			buildSettings = {
				CODE_SIGN_IDENTITY = Jailbreak;
				"CODE_SIGN_IDENTITY[sdk=iphoneos*]" = Jailbreak;
				GCC_PRECOMPILE_PREFIX_HEADER = YES;
				GCC_PREFIX_HEADER = "DrawMe/DrawMe-Prefix.pch";
				INFOPLIST_FILE = "DrawMe/DrawMe-Info.plist";
				PRODUCT_NAME = "$(TARGET_NAME)";
				PROVISIONING_PROFILE = "";
				"PROVISIONING_PROFILE[sdk=iphoneos*]" = "";
				WRAPPER_EXTENSION = app;
			};
			name = Release;
		};
/* End XCBuildConfiguration section */

/* Begin XCConfigurationList section */
		C9DF997916114AAE0096A9C4 /* Build configuration list for PBXProject "DrawMe" */ = {
			isa = XCConfigurationList;
			buildConfigurations = (
				C9DF99A116114AAE0096A9C4 /* Debug */,
				C9DF99A216114AAE0096A9C4 /* Release */,
			);
			defaultConfigurationIsVisible = 0;
			defaultConfigurationName = Release;
		};
		C9DF99A316114AAE0096A9C4 /* Build configuration list for PBXNativeTarget "DrawMe" */ = {
			isa = XCConfigurationList;
			buildConfigurations = (
				C9DF99A416114AAE0096A9C4 /* Debug */,
				C9DF99A516114AAE0096A9C4 /* Release */,
			);
			defaultConfigurationIsVisible = 0;
			defaultConfigurationName = Release;
		};
/* End XCConfigurationList section */
	};
	rootObject = C9DF997616114AAE0096A9C4 /* Project object */;
}
